PODS:
  - Alamofire (4.3.0)
  - DATAStack (7.0.1)
  - KeychainAccess (3.0.1)
  - SmileLock (2.0.0)
  - Sync (2.7.0):
    - DATAStack (~> 7.0.1)
    - SYNCPropertyMapper (~> 5.2.0)
  - SYNCPropertyMapper (5.2.0)

DEPENDENCIES:
  - Alamofire (~> 4.3.0)
  - KeychainAccess (~> 3.0.1)
  - SmileLock (~> 2.0.0)
  - Sync (~> 2.0)

SPEC CHECKSUMS:
  Alamofire: 856a113053a7bc9cbe5d6367a555d773fc5cfef7
  DATAStack: 9ca4ba8e8e4f389f1593ad3178d7a4d4df69d648
  KeychainAccess: 017ea25e313a49eda10bb19b0bb0760fb1edfe1a
  SmileLock: ee34bf37e824c8afc71217fccc2b2bee5510db64
  Sync: b02ce41aa8080049a2932fd7342fe189edb2298a
  SYNCPropertyMapper: b3157f5183285c8a25ba23877b95a06ec2547e73

PODFILE CHECKSUM: 2910981dabd18b84b695dbd20cf0177bb1ac8247

COCOAPODS: 1.1.1
